{
  "name": "gp-frontend",
  "lockfileVersion": 3,
  "requires": true,
  "packages": {
    "": {
      "dependencies": {
        "axios": "^1.8.4",
        "echarts": "^5.6.0",
        "element-plus": "^2.9.8",
        "marked": "^15.0.11"
      }
    },
    "node_modules/@babel/helper-string-parser": {
      "version": "7.25.9",
      "resolved": "http://mirrors.cloud.tencent.com/npm/@babel/helper-string-parser/-/helper-string-parser-7.25.9.tgz",
      "integrity": "sha512-4A/SCr/2KLd5jrtOMFzaKjVtAei3+2r/NChoBNoZ3EyP/+GlhoaEGoWOZUmFmoITP7zOJyHIMm+DYRd8o3PvHA==",
      "peer": true,
      "engines": {
        "node": ">=6.9.0"
      }
    },
    "node_modules/@babel/helper-validator-identifier": {
      "version": "7.25.9",
      "resolved": "http://mirrors.cloud.tencent.com/npm/@babel/helper-validator-identifier/-/helper-validator-identifier-7.25.9.tgz",
      "integrity": "sha512-Ed61U6XJc3CVRfkERJWDz4dJwKe7iLmmJsbOGu9wSloNSFttHV0I8g6UAgb7qnK5ly5bGLPd4oXZlxCdANBOWQ==",
      "peer": true,
      "engines": {
        "node": ">=6.9.0"
      }
    },
    "node_modules/@babel/parser": {
      "version": "7.27.0",
      "resolved": "http://mirrors.cloud.tencent.com/npm/@babel/parser/-/parser-7.27.0.tgz",
      "integrity": "sha512-iaepho73/2Pz7w2eMS0Q5f83+0RKI7i4xmiYeBmDzfRVbQtTOG7Ts0S4HzJVsTMGI9keU8rNfuZr8DKfSt7Yyg==",
      "peer": true,
      "dependencies": {
        "@babel/types": "^7.27.0"
      },
      "bin": {
        "parser": "bin/babel-parser.js"
      },
      "engines": {
        "node": ">=6.0.0"
      }
    },
    "node_modules/@babel/types": {
      "version": "7.27.0",
      "resolved": "http://mirrors.cloud.tencent.com/npm/@babel/types/-/types-7.27.0.tgz",
      "integrity": "sha512-H45s8fVLYjbhFH62dIJ3WtmJ6RSPt/3DRO0ZcT2SUiYiQyz3BLVb9ADEnLl91m74aQPS3AzzeajZHYOalWe3bg==",
      "peer": true,
      "dependencies": {
        "@babel/helper-string-parser": "^7.25.9",
        "@babel/helper-validator-identifier": "^7.25.9"
      },
      "engines": {
        "node": ">=6.9.0"
      }
    },
    "node_modules/@ctrl/tinycolor": {
      "version": "3.6.1",
      "resolved": "http://mirrors.cloud.tencent.com/npm/@ctrl/tinycolor/-/tinycolor-3.6.1.tgz",
      "integrity": "sha512-SITSV6aIXsuVNV3f3O0f2n/cgyEDWoSqtZMYiAmcsYHydcKrOz3gUxB/iXd/Qf08+IZX4KpgNbvUdMBmWz+kcA==",
      "engines": {
        "node": ">=10"
      }
    },
    "node_modules/@element-plus/icons-vue": {
      "version": "2.3.1",
      "resolved": "http://mirrors.cloud.tencent.com/npm/@element-plus/icons-vue/-/icons-vue-2.3.1.tgz",
      "integrity": "sha512-XxVUZv48RZAd87ucGS48jPf6pKu0yV5UCg9f4FFwtrYxXOwWuVJo6wOvSLKEoMQKjv8GsX/mhP6UsC1lRwbUWg==",
      "peerDependencies": {
        "vue": "^3.2.0"
      }
    },
    "node_modules/@floating-ui/core": {
      "version": "1.6.9",
      "resolved": "http://mirrors.cloud.tencent.com/npm/@floating-ui/core/-/core-1.6.9.tgz",
      "integrity": "sha512-uMXCuQ3BItDUbAMhIXw7UPXRfAlOAvZzdK9BWpE60MCn+Svt3aLn9jsPTi/WNGlRUu2uI0v5S7JiIUsbsvh3fw==",
      "dependencies": {
        "@floating-ui/utils": "^0.2.9"
      }
    },
    "node_modules/@floating-ui/dom": {
      "version": "1.6.13",
      "resolved": "http://mirrors.cloud.tencent.com/npm/@floating-ui/dom/-/dom-1.6.13.tgz",
      "integrity": "sha512-umqzocjDgNRGTuO7Q8CU32dkHkECqI8ZdMZ5Swb6QAM0t5rnlrN3lGo1hdpscRd3WS8T6DKYK4ephgIH9iRh3w==",
      "dependencies": {
        "@floating-ui/core": "^1.6.0",
        "@floating-ui/utils": "^0.2.9"
      }
    },
    "node_modules/@floating-ui/utils": {
      "version": "0.2.9",
      "resolved": "http://mirrors.cloud.tencent.com/npm/@floating-ui/utils/-/utils-0.2.9.tgz",
      "integrity": "sha512-MDWhGtE+eHw5JW7lq4qhc5yRLS11ERl1c7Z6Xd0a58DozHES6EnNNwUWbMiG4J9Cgj053Bhk8zvlhFYKVhULwg=="
    },
    "node_modules/@jridgewell/sourcemap-codec": {
      "version": "1.5.0",
      "resolved": "http://mirrors.cloud.tencent.com/npm/@jridgewell/sourcemap-codec/-/sourcemap-codec-1.5.0.tgz",
      "integrity": "sha512-gv3ZRaISU3fjPAgNsriBRqGWQL6quFx04YMPW/zD8XMLsU32mhCCbfbO6KZFLjvYpCZ8zyDEgqsgf+PwPaM7GQ==",
      "peer": true
    },
    "node_modules/@popperjs/core": {
      "name": "@sxzz/popperjs-es",
      "version": "2.11.7",
      "resolved": "http://mirrors.cloud.tencent.com/npm/@sxzz/popperjs-es/-/popperjs-es-2.11.7.tgz",
      "integrity": "sha512-Ccy0NlLkzr0Ex2FKvh2X+OyERHXJ88XJ1MXtsI9y9fGexlaXaVTPzBCRBwIxFkORuOb+uBqeu+RqnpgYTEZRUQ==",
      "funding": {
        "type": "opencollective",
        "url": "https://opencollective.com/popperjs"
      }
    },
    "node_modules/@types/lodash": {
      "version": "4.17.16",
      "resolved": "http://mirrors.cloud.tencent.com/npm/@types/lodash/-/lodash-4.17.16.tgz",
      "integrity": "sha512-HX7Em5NYQAXKW+1T+FiuG27NGwzJfCX3s1GjOa7ujxZa52kjJLOr4FUxT+giF6Tgxv1e+/czV/iTtBw27WTU9g=="
    },
    "node_modules/@types/lodash-es": {
      "version": "4.17.12",
      "resolved": "http://mirrors.cloud.tencent.com/npm/@types/lodash-es/-/lodash-es-4.17.12.tgz",
      "integrity": "sha512-0NgftHUcV4v34VhXm8QBSftKVXtbkBG3ViCjs6+eJ5a6y6Mi/jiFGPc1sC7QK+9BFhWrURE3EOggmWaSxL9OzQ==",
      "dependencies": {
        "@types/lodash": "*"
      }
    },
    "node_modules/@types/web-bluetooth": {
      "version": "0.0.16",
      "resolved": "http://mirrors.cloud.tencent.com/npm/@types/web-bluetooth/-/web-bluetooth-0.0.16.tgz",
      "integrity": "sha512-oh8q2Zc32S6gd/j50GowEjKLoOVOwHP/bWVjKJInBwQqdOYMdPrf1oVlelTlyfFK3CKxL1uahMDAr+vy8T7yMQ=="
    },
    "node_modules/@vue/compiler-core": {
      "version": "3.5.13",
      "resolved": "http://mirrors.cloud.tencent.com/npm/@vue/compiler-core/-/compiler-core-3.5.13.tgz",
      "integrity": "sha512-oOdAkwqUfW1WqpwSYJce06wvt6HljgY3fGeM9NcVA1HaYOij3mZG9Rkysn0OHuyUAGMbEbARIpsG+LPVlBJ5/Q==",
      "peer": true,
      "dependencies": {
        "@babel/parser": "^7.25.3",
        "@vue/shared": "3.5.13",
        "entities": "^4.5.0",
        "estree-walker": "^2.0.2",
        "source-map-js": "^1.2.0"
      }
    },
    "node_modules/@vue/compiler-dom": {
      "version": "3.5.13",
      "resolved": "http://mirrors.cloud.tencent.com/npm/@vue/compiler-dom/-/compiler-dom-3.5.13.tgz",
      "integrity": "sha512-ZOJ46sMOKUjO3e94wPdCzQ6P1Lx/vhp2RSvfaab88Ajexs0AHeV0uasYhi99WPaogmBlRHNRuly8xV75cNTMDA==",
      "peer": true,
      "dependencies": {
        "@vue/compiler-core": "3.5.13",
        "@vue/shared": "3.5.13"
      }
    },
    "node_modules/@vue/compiler-sfc": {
      "version": "3.5.13",
      "resolved": "http://mirrors.cloud.tencent.com/npm/@vue/compiler-sfc/-/compiler-sfc-3.5.13.tgz",
      "integrity": "sha512-6VdaljMpD82w6c2749Zhf5T9u5uLBWKnVue6XWxprDobftnletJ8+oel7sexFfM3qIxNmVE7LSFGTpv6obNyaQ==",
      "peer": true,
      "dependencies": {
        "@babel/parser": "^7.25.3",
        "@vue/compiler-core": "3.5.13",
        "@vue/compiler-dom": "3.5.13",
        "@vue/compiler-ssr": "3.5.13",
        "@vue/shared": "3.5.13",
        "estree-walker": "^2.0.2",
        "magic-string": "^0.30.11",
        "postcss": "^8.4.48",
        "source-map-js": "^1.2.0"
      }
    },
    "node_modules/@vue/compiler-ssr": {
      "version": "3.5.13",
      "resolved": "http://mirrors.cloud.tencent.com/npm/@vue/compiler-ssr/-/compiler-ssr-3.5.13.tgz",
      "integrity": "sha512-wMH6vrYHxQl/IybKJagqbquvxpWCuVYpoUJfCqFZwa/JY1GdATAQ+TgVtgrwwMZ0D07QhA99rs/EAAWfvG6KpA==",
      "peer": true,
      "dependencies": {
        "@vue/compiler-dom": "3.5.13",
        "@vue/shared": "3.5.13"
      }
    },
    "node_modules/@vue/reactivity": {
      "version": "3.5.13",
      "resolved": "http://mirrors.cloud.tencent.com/npm/@vue/reactivity/-/reactivity-3.5.13.tgz",
      "integrity": "sha512-NaCwtw8o48B9I6L1zl2p41OHo/2Z4wqYGGIK1Khu5T7yxrn+ATOixn/Udn2m+6kZKB/J7cuT9DbWWhRxqixACg==",
      "peer": true,
      "dependencies": {
        "@vue/shared": "3.5.13"
      }
    },
    "node_modules/@vue/runtime-core": {
      "version": "3.5.13",
      "resolved": "http://mirrors.cloud.tencent.com/npm/@vue/runtime-core/-/runtime-core-3.5.13.tgz",
      "integrity": "sha512-Fj4YRQ3Az0WTZw1sFe+QDb0aXCerigEpw418pw1HBUKFtnQHWzwojaukAs2X/c9DQz4MQ4bsXTGlcpGxU/RCIw==",
      "peer": true,
      "dependencies": {
        "@vue/reactivity": "3.5.13",
        "@vue/shared": "3.5.13"
      }
    },
    "node_modules/@vue/runtime-dom": {
      "version": "3.5.13",
      "resolved": "http://mirrors.cloud.tencent.com/npm/@vue/runtime-dom/-/runtime-dom-3.5.13.tgz",
      "integrity": "sha512-dLaj94s93NYLqjLiyFzVs9X6dWhTdAlEAciC3Moq7gzAc13VJUdCnjjRurNM6uTLFATRHexHCTu/Xp3eW6yoog==",
      "peer": true,
      "dependencies": {
        "@vue/reactivity": "3.5.13",
        "@vue/runtime-core": "3.5.13",
        "@vue/shared": "3.5.13",
        "csstype": "^3.1.3"
      }
    },
    "node_modules/@vue/server-renderer": {
      "version": "3.5.13",
      "resolved": "http://mirrors.cloud.tencent.com/npm/@vue/server-renderer/-/server-renderer-3.5.13.tgz",
      "integrity": "sha512-wAi4IRJV/2SAW3htkTlB+dHeRmpTiVIK1OGLWV1yeStVSebSQQOwGwIq0D3ZIoBj2C2qpgz5+vX9iEBkTdk5YA==",
      "peer": true,
      "dependencies": {
        "@vue/compiler-ssr": "3.5.13",
        "@vue/shared": "3.5.13"
      },
      "peerDependencies": {
        "vue": "3.5.13"
      }
    },
    "node_modules/@vue/shared": {
      "version": "3.5.13",
      "resolved": "http://mirrors.cloud.tencent.com/npm/@vue/shared/-/shared-3.5.13.tgz",
      "integrity": "sha512-/hnE/qP5ZoGpol0a5mDi45bOd7t3tjYJBjsgCsivow7D48cJeV5l05RD82lPqi7gRiphZM37rnhW1l6ZoCNNnQ==",
      "peer": true
    },
    "node_modules/@vueuse/core": {
      "version": "9.13.0",
      "resolved": "http://mirrors.cloud.tencent.com/npm/@vueuse/core/-/core-9.13.0.tgz",
      "integrity": "sha512-pujnclbeHWxxPRqXWmdkKV5OX4Wk4YeK7wusHqRwU0Q7EFusHoqNA/aPhB6KCh9hEqJkLAJo7bb0Lh9b+OIVzw==",
      "dependencies": {
        "@types/web-bluetooth": "^0.0.16",
        "@vueuse/metadata": "9.13.0",
        "@vueuse/shared": "9.13.0",
        "vue-demi": "*"
      },
      "funding": {
        "url": "https://github.com/sponsors/antfu"
      }
    },
    "node_modules/@vueuse/core/node_modules/vue-demi": {
      "version": "0.14.10",
      "resolved": "http://mirrors.cloud.tencent.com/npm/vue-demi/-/vue-demi-0.14.10.tgz",
      "integrity": "sha512-nMZBOwuzabUO0nLgIcc6rycZEebF6eeUfaiQx9+WSk8e29IbLvPU9feI6tqW4kTo3hvoYAJkMh8n8D0fuISphg==",
      "hasInstallScript": true,
      "bin": {
        "vue-demi-fix": "bin/vue-demi-fix.js",
        "vue-demi-switch": "bin/vue-demi-switch.js"
      },
      "engines": {
        "node": ">=12"
      },
      "funding": {
        "url": "https://github.com/sponsors/antfu"
      },
      "peerDependencies": {
        "@vue/composition-api": "^1.0.0-rc.1",
        "vue": "^3.0.0-0 || ^2.6.0"
      },
      "peerDependenciesMeta": {
        "@vue/composition-api": {
          "optional": true
        }
      }
    },
    "node_modules/@vueuse/metadata": {
      "version": "9.13.0",
      "resolved": "http://mirrors.cloud.tencent.com/npm/@vueuse/metadata/-/metadata-9.13.0.tgz",
      "integrity": "sha512-gdU7TKNAUVlXXLbaF+ZCfte8BjRJQWPCa2J55+7/h+yDtzw3vOoGQDRXzI6pyKyo6bXFT5/QoPE4hAknExjRLQ==",
      "funding": {
        "url": "https://github.com/sponsors/antfu"
      }
    },
    "node_modules/@vueuse/shared": {
      "version": "9.13.0",
      "resolved": "http://mirrors.cloud.tencent.com/npm/@vueuse/shared/-/shared-9.13.0.tgz",
      "integrity": "sha512-UrnhU+Cnufu4S6JLCPZnkWh0WwZGUp72ktOF2DFptMlOs3TOdVv8xJN53zhHGARmVOsz5KqOls09+J1NR6sBKw==",
      "dependencies": {
        "vue-demi": "*"
      },
      "funding": {
        "url": "https://github.com/sponsors/antfu"
      }
    },
    "node_modules/@vueuse/shared/node_modules/vue-demi": {
      "version": "0.14.10",
      "resolved": "http://mirrors.cloud.tencent.com/npm/vue-demi/-/vue-demi-0.14.10.tgz",
      "integrity": "sha512-nMZBOwuzabUO0nLgIcc6rycZEebF6eeUfaiQx9+WSk8e29IbLvPU9feI6tqW4kTo3hvoYAJkMh8n8D0fuISphg==",
      "hasInstallScript": true,
      "bin": {
        "vue-demi-fix": "bin/vue-demi-fix.js",
        "vue-demi-switch": "bin/vue-demi-switch.js"
      },
      "engines": {
        "node": ">=12"
      },
      "funding": {
        "url": "https://github.com/sponsors/antfu"
      },
      "peerDependencies": {
        "@vue/composition-api": "^1.0.0-rc.1",
        "vue": "^3.0.0-0 || ^2.6.0"
      },
      "peerDependenciesMeta": {
        "@vue/composition-api": {
          "optional": true
        }
      }
    },
    "node_modules/async-validator": {
      "version": "4.2.5",
      "resolved": "http://mirrors.cloud.tencent.com/npm/async-validator/-/async-validator-4.2.5.tgz",
      "integrity": "sha512-7HhHjtERjqlNbZtqNqy2rckN/SpOOlmDliet+lP7k+eKZEjPk3DgyeU9lIXLdeLz0uBbbVp+9Qdow9wJWgwwfg=="
    },
    "node_modules/asynckit": {
      "version": "0.4.0",
      "resolved": "http://mirrors.cloud.tencent.com/npm/asynckit/-/asynckit-0.4.0.tgz",
      "integrity": "sha512-Oei9OH4tRh0YqU3GxhX79dM/mwVgvbZJaSNaRk+bshkj0S5cfHcgYakreBjrHwatXKbz+IoIdYLxrKim2MjW0Q=="
    },
    "node_modules/axios": {
      "version": "1.8.4",
      "resolved": "http://mirrors.cloud.tencent.com/npm/axios/-/axios-1.8.4.tgz",
      "integrity": "sha512-eBSYY4Y68NNlHbHBMdeDmKNtDgXWhQsJcGqzO3iLUM0GraQFSS9cVgPX5I9b3lbdFKyYoAEGAZF1DwhTaljNAw==",
      "dependencies": {
        "follow-redirects": "^1.15.6",
        "form-data": "^4.0.0",
        "proxy-from-env": "^1.1.0"
      }
    },
    "node_modules/call-bind-apply-helpers": {
      "version": "1.0.2",
      "resolved": "http://mirrors.cloud.tencent.com/npm/call-bind-apply-helpers/-/call-bind-apply-helpers-1.0.2.tgz",
      "integrity": "sha512-Sp1ablJ0ivDkSzjcaJdxEunN5/XvksFJ2sMBFfq6x0ryhQV/2b/KwFe21cMpmHtPOSij8K99/wSfoEuTObmuMQ==",
      "dependencies": {
        "es-errors": "^1.3.0",
        "function-bind": "^1.1.2"
      },
      "engines": {
        "node": ">= 0.4"
      }
    },
    "node_modules/combined-stream": {
      "version": "1.0.8",
      "resolved": "http://mirrors.cloud.tencent.com/npm/combined-stream/-/combined-stream-1.0.8.tgz",
      "integrity": "sha512-FQN4MRfuJeHf7cBbBMJFXhKSDq+2kAArBlmRBvcvFE5BB1HZKXtSFASDhdlz9zOYwxh8lDdnvmMOe/+5cdoEdg==",
      "dependencies": {
        "delayed-stream": "~1.0.0"
      },
      "engines": {
        "node": ">= 0.8"
      }
    },
    "node_modules/csstype": {
      "version": "3.1.3",
      "resolved": "http://mirrors.cloud.tencent.com/npm/csstype/-/csstype-3.1.3.tgz",
      "integrity": "sha512-M1uQkMl8rQK/szD0LNhtqxIPLpimGm8sOBwU7lLnCpSbTyY3yeU1Vc7l4KT5zT4s/yOxHH5O7tIuuLOCnLADRw==",
      "peer": true
    },
    "node_modules/dayjs": {
      "version": "1.11.13",
      "resolved": "http://mirrors.cloud.tencent.com/npm/dayjs/-/dayjs-1.11.13.tgz",
      "integrity": "sha512-oaMBel6gjolK862uaPQOVTA7q3TZhuSvuMQAAglQDOWYO9A91IrAOUJEyKVlqJlHE0vq5p5UXxzdPfMH/x6xNg=="
    },
    "node_modules/delayed-stream": {
      "version": "1.0.0",
      "resolved": "http://mirrors.cloud.tencent.com/npm/delayed-stream/-/delayed-stream-1.0.0.tgz",
      "integrity": "sha1-3zrhmayt+31ECqrgsp4icrJOxhk=",
      "engines": {
        "node": ">=0.4.0"
      }
    },
    "node_modules/dunder-proto": {
      "version": "1.0.1",
      "resolved": "http://mirrors.cloud.tencent.com/npm/dunder-proto/-/dunder-proto-1.0.1.tgz",
      "integrity": "sha512-KIN/nDJBQRcXw0MLVhZE9iQHmG68qAVIBg9CqmUYjmQIhgij9U5MFvrqkUL5FbtyyzZuOeOt0zdeRe4UY7ct+A==",
      "dependencies": {
        "call-bind-apply-helpers": "^1.0.1",
        "es-errors": "^1.3.0",
        "gopd": "^1.2.0"
      },
      "engines": {
        "node": ">= 0.4"
      }
    },
    "node_modules/echarts": {
      "version": "5.6.0",
      "resolved": "http://mirrors.cloud.tencent.com/npm/echarts/-/echarts-5.6.0.tgz",
      "integrity": "sha512-oTbVTsXfKuEhxftHqL5xprgLoc0k7uScAwtryCgWF6hPYFLRwOUHiFmHGCBKP5NPFNkDVopOieyUqYGH8Fa3kA==",
      "dependencies": {
        "tslib": "2.3.0",
        "zrender": "5.6.1"
      }
    },
    "node_modules/element-plus": {
      "version": "2.9.8",
      "resolved": "http://mirrors.cloud.tencent.com/npm/element-plus/-/element-plus-2.9.8.tgz",
      "integrity": "sha512-srViUaUdfblBKGMeuEPiXxxKlH5aUmKqEwmhb/At9Sj91DbU6od/jYN1955cTnzt3wTSA7GfnZF7UiRX9sdRHg==",
      "dependencies": {
        "@ctrl/tinycolor": "^3.4.1",
        "@element-plus/icons-vue": "^2.3.1",
        "@floating-ui/dom": "^1.0.1",
        "@popperjs/core": "npm:@sxzz/popperjs-es@^2.11.7",
        "@types/lodash": "^4.14.182",
        "@types/lodash-es": "^4.17.6",
        "@vueuse/core": "^9.1.0",
        "async-validator": "^4.2.5",
        "dayjs": "^1.11.13",
        "escape-html": "^1.0.3",
        "lodash": "^4.17.21",
        "lodash-es": "^4.17.21",
        "lodash-unified": "^1.0.2",
        "memoize-one": "^6.0.0",
        "normalize-wheel-es": "^1.2.0"
      },
      "peerDependencies": {
        "vue": "^3.2.0"
      }
    },
    "node_modules/entities": {
      "version": "4.5.0",
      "resolved": "http://mirrors.cloud.tencent.com/npm/entities/-/entities-4.5.0.tgz",
      "integrity": "sha512-V0hjH4dGPh9Ao5p0MoRY6BVqtwCjhz6vI5LT8AJ55H+4g9/4vbHx1I54fS0XuclLhDHArPQCiMjDxjaL8fPxhw==",
      "peer": true,
      "engines": {
        "node": ">=0.12"
      },
      "funding": {
        "url": "https://github.com/fb55/entities?sponsor=1"
      }
    },
    "node_modules/es-define-property": {
      "version": "1.0.1",
      "resolved": "http://mirrors.cloud.tencent.com/npm/es-define-property/-/es-define-property-1.0.1.tgz",
      "integrity": "sha512-e3nRfgfUZ4rNGL232gUgX06QNyyez04KdjFrF+LTRoOXmrOgFKDg4BCdsjW8EnT69eqdYGmRpJwiPVYNrCaW3g==",
      "engines": {
        "node": ">= 0.4"
      }
    },
    "node_modules/es-errors": {
      "version": "1.3.0",
      "resolved": "http://mirrors.cloud.tencent.com/npm/es-errors/-/es-errors-1.3.0.tgz",
      "integrity": "sha512-Zf5H2Kxt2xjTvbJvP2ZWLEICxA6j+hAmMzIlypy4xcBg1vKVnx89Wy0GbS+kf5cwCVFFzdCFh2XSCFNULS6csw==",
      "engines": {
        "node": ">= 0.4"
      }
    },
    "node_modules/es-object-atoms": {
      "version": "1.1.1",
      "resolved": "http://mirrors.cloud.tencent.com/npm/es-object-atoms/-/es-object-atoms-1.1.1.tgz",
      "integrity": "sha512-FGgH2h8zKNim9ljj7dankFPcICIK9Cp5bm+c2gQSYePhpaG5+esrLODihIorn+Pe6FGJzWhXQotPv73jTaldXA==",
      "dependencies": {
        "es-errors": "^1.3.0"
      },
      "engines": {
        "node": ">= 0.4"
      }
    },
    "node_modules/es-set-tostringtag": {
      "version": "2.1.0",
      "resolved": "http://mirrors.cloud.tencent.com/npm/es-set-tostringtag/-/es-set-tostringtag-2.1.0.tgz",
      "integrity": "sha512-j6vWzfrGVfyXxge+O0x5sh6cvxAog0a/4Rdd2K36zCMV5eJ+/+tOAngRO8cODMNWbVRdVlmGZQL2YS3yR8bIUA==",
      "dependencies": {
        "es-errors": "^1.3.0",
        "get-intrinsic": "^1.2.6",
        "has-tostringtag": "^1.0.2",
        "hasown": "^2.0.2"
      },
      "engines": {
        "node": ">= 0.4"
      }
    },
    "node_modules/escape-html": {
      "version": "1.0.3",
      "resolved": "http://mirrors.cloud.tencent.com/npm/escape-html/-/escape-html-1.0.3.tgz",
      "integrity": "sha512-NiSupZ4OeuGwr68lGIeym/ksIZMJodUGOSCZ/FSnTxcrekbvqrgdUxlJOMpijaKZVjAJrWrGs/6Jy8OMuyj9ow=="
    },
    "node_modules/estree-walker": {
      "version": "2.0.2",
      "resolved": "http://mirrors.cloud.tencent.com/npm/estree-walker/-/estree-walker-2.0.2.tgz",
      "integrity": "sha512-Rfkk/Mp/DL7JVje3u18FxFujQlTNR2q6QfMSMB7AvCBx91NGj/ba3kCfza0f6dVDbw7YlRf/nDrn7pQrCCyQ/w==",
      "peer": true
    },
    "node_modules/follow-redirects": {
      "version": "1.15.9",
      "resolved": "http://mirrors.cloud.tencent.com/npm/follow-redirects/-/follow-redirects-1.15.9.tgz",
      "integrity": "sha512-gew4GsXizNgdoRyqmyfMHyAmXsZDk6mHkSxZFCzW9gwlbtOW44CDtYavM+y+72qD/Vq2l550kMF52DT8fOLJqQ==",
      "funding": [
        {
          "type": "individual",
          "url": "https://github.com/sponsors/RubenVerborgh"
        }
      ],
      "engines": {
        "node": ">=4.0"
      },
      "peerDependenciesMeta": {
        "debug": {
          "optional": true
        }
      }
    },
    "node_modules/form-data": {
      "version": "4.0.2",
      "resolved": "http://mirrors.cloud.tencent.com/npm/form-data/-/form-data-4.0.2.tgz",
      "integrity": "sha512-hGfm/slu0ZabnNt4oaRZ6uREyfCj6P4fT/n6A1rGV+Z0VdGXjfOhVUpkn6qVQONHGIFwmveGXyDs75+nr6FM8w==",
      "dependencies": {
        "asynckit": "^0.4.0",
        "combined-stream": "^1.0.8",
        "es-set-tostringtag": "^2.1.0",
        "mime-types": "^2.1.12"
      },
      "engines": {
        "node": ">= 6"
      }
    },
    "node_modules/function-bind": {
      "version": "1.1.2",
      "resolved": "http://mirrors.cloud.tencent.com/npm/function-bind/-/function-bind-1.1.2.tgz",
      "integrity": "sha512-7XHNxH7qX9xG5mIwxkhumTox/MIRNcOgDrxWsMt2pAr23WHp6MrRlN7FBSFpCpr+oVO0F744iUgR82nJMfG2SA==",
      "funding": {
        "url": "https://github.com/sponsors/ljharb"
      }
    },
    "node_modules/get-intrinsic": {
      "version": "1.3.0",
      "resolved": "http://mirrors.cloud.tencent.com/npm/get-intrinsic/-/get-intrinsic-1.3.0.tgz",
      "integrity": "sha512-9fSjSaos/fRIVIp+xSJlE6lfwhES7LNtKaCBIamHsjr2na1BiABJPo0mOjjz8GJDURarmCPGqaiVg5mfjb98CQ==",
      "dependencies": {
        "call-bind-apply-helpers": "^1.0.2",
        "es-define-property": "^1.0.1",
        "es-errors": "^1.3.0",
        "es-object-atoms": "^1.1.1",
        "function-bind": "^1.1.2",
        "get-proto": "^1.0.1",
        "gopd": "^1.2.0",
        "has-symbols": "^1.1.0",
        "hasown": "^2.0.2",
        "math-intrinsics": "^1.1.0"
      },
      "engines": {
        "node": ">= 0.4"
      },
      "funding": {
        "url": "https://github.com/sponsors/ljharb"
      }
    },
    "node_modules/get-proto": {
      "version": "1.0.1",
      "resolved": "http://mirrors.cloud.tencent.com/npm/get-proto/-/get-proto-1.0.1.tgz",
      "integrity": "sha512-sTSfBjoXBp89JvIKIefqw7U2CCebsc74kiY6awiGogKtoSGbgjYE/G/+l9sF3MWFPNc9IcoOC4ODfKHfxFmp0g==",
      "dependencies": {
        "dunder-proto": "^1.0.1",
        "es-object-atoms": "^1.0.0"
      },
      "engines": {
        "node": ">= 0.4"
      }
    },
    "node_modules/gopd": {
      "version": "1.2.0",
      "resolved": "http://mirrors.cloud.tencent.com/npm/gopd/-/gopd-1.2.0.tgz",
      "integrity": "sha512-ZUKRh6/kUFoAiTAtTYPZJ3hw9wNxx+BIBOijnlG9PnrJsCcSjs1wyyD6vJpaYtgnzDrKYRSqf3OO6Rfa93xsRg==",
      "engines": {
        "node": ">= 0.4"
      },
      "funding": {
        "url": "https://github.com/sponsors/ljharb"
      }
    },
    "node_modules/has-symbols": {
      "version": "1.1.0",
      "resolved": "http://mirrors.cloud.tencent.com/npm/has-symbols/-/has-symbols-1.1.0.tgz",
      "integrity": "sha512-1cDNdwJ2Jaohmb3sg4OmKaMBwuC48sYni5HUw2DvsC8LjGTLK9h+eb1X6RyuOHe4hT0ULCW68iomhjUoKUqlPQ==",
      "engines": {
        "node": ">= 0.4"
      },
      "funding": {
        "url": "https://github.com/sponsors/ljharb"
      }
    },
    "node_modules/has-tostringtag": {
      "version": "1.0.2",
      "resolved": "http://mirrors.cloud.tencent.com/npm/has-tostringtag/-/has-tostringtag-1.0.2.tgz",
      "integrity": "sha512-NqADB8VjPFLM2V0VvHUewwwsw0ZWBaIdgo+ieHtK3hasLz4qeCRjYcqfB6AQrBggRKppKF8L52/VqdVsO47Dlw==",
      "dependencies": {
        "has-symbols": "^1.0.3"
      },
      "engines": {
        "node": ">= 0.4"
      },
      "funding": {
        "url": "https://github.com/sponsors/ljharb"
      }
    },
    "node_modules/hasown": {
      "version": "2.0.2",
      "resolved": "http://mirrors.cloud.tencent.com/npm/hasown/-/hasown-2.0.2.tgz",
      "integrity": "sha512-0hJU9SCPvmMzIBdZFqNPXWa6dqh7WdH0cII9y+CyS8rG3nL48Bclra9HmKhVVUHyPWNH5Y7xDwAB7bfgSjkUMQ==",
      "dependencies": {
        "function-bind": "^1.1.2"
      },
      "engines": {
        "node": ">= 0.4"
      }
    },
    "node_modules/lodash": {
      "version": "4.17.21",
      "resolved": "http://mirrors.cloud.tencent.com/npm/lodash/-/lodash-4.17.21.tgz",
      "integrity": "sha512-v2kDEe57lecTulaDIuNTPy3Ry4gLGJ6Z1O3vE1krgXZNrsQ+LFTGHVxVjcXPs17LhbZVGedAJv8XZ1tvj5FvSg=="
    },
    "node_modules/lodash-es": {
      "version": "4.17.21",
      "resolved": "http://mirrors.cloud.tencent.com/npm/lodash-es/-/lodash-es-4.17.21.tgz",
      "integrity": "sha512-mKnC+QJ9pWVzv+C4/U3rRsHapFfHvQFoFB92e52xeyGMcX6/OlIl78je1u8vePzYZSkkogMPJ2yjxxsb89cxyw=="
    },
    "node_modules/lodash-unified": {
      "version": "1.0.3",
      "resolved": "http://mirrors.cloud.tencent.com/npm/lodash-unified/-/lodash-unified-1.0.3.tgz",
      "integrity": "sha512-WK9qSozxXOD7ZJQlpSqOT+om2ZfcT4yO+03FuzAHD0wF6S0l0090LRPDx3vhTTLZ8cFKpBn+IOcVXK6qOcIlfQ==",
      "peerDependencies": {
        "@types/lodash-es": "*",
        "lodash": "*",
        "lodash-es": "*"
      }
    },
    "node_modules/magic-string": {
      "version": "0.30.17",
      "resolved": "http://mirrors.cloud.tencent.com/npm/magic-string/-/magic-string-0.30.17.tgz",
      "integrity": "sha512-sNPKHvyjVf7gyjwS4xGTaW/mCnF8wnjtifKBEhxfZ7E/S8tQ0rssrwGNn6q8JH/ohItJfSQp9mBtQYuTlH5QnA==",
      "peer": true,
      "dependencies": {
        "@jridgewell/sourcemap-codec": "^1.5.0"
      }
    },
    "node_modules/marked": {
      "version": "15.0.11",
      "resolved": "http://mirrors.cloud.tencent.com/npm/marked/-/marked-15.0.11.tgz",
      "integrity": "sha512-1BEXAU2euRCG3xwgLVT1y0xbJEld1XOrmRJpUwRCcy7rxhSCwMrmEu9LXoPhHSCJG41V7YcQ2mjKRr5BA3ITIA==",
      "bin": {
        "marked": "bin/marked.js"
      },
      "engines": {
        "node": ">= 18"
      }
    },
    "node_modules/math-intrinsics": {
      "version": "1.1.0",
      "resolved": "http://mirrors.cloud.tencent.com/npm/math-intrinsics/-/math-intrinsics-1.1.0.tgz",
      "integrity": "sha512-/IXtbwEk5HTPyEwyKX6hGkYXxM9nbj64B+ilVJnC/R6B0pH5G4V3b0pVbL7DBj4tkhBAppbQUlf6F6Xl9LHu1g==",
      "engines": {
        "node": ">= 0.4"
      }
    },
    "node_modules/memoize-one": {
      "version": "6.0.0",
      "resolved": "http://mirrors.cloud.tencent.com/npm/memoize-one/-/memoize-one-6.0.0.tgz",
      "integrity": "sha512-rkpe71W0N0c0Xz6QD0eJETuWAJGnJ9afsl1srmwPrI+yBCkge5EycXXbYRyvL29zZVUWQCY7InPRCv3GDXuZNw=="
    },
    "node_modules/mime-db": {
      "version": "1.52.0",
      "resolved": "http://mirrors.cloud.tencent.com/npm/mime-db/-/mime-db-1.52.0.tgz",
      "integrity": "sha512-sPU4uV7dYlvtWJxwwxHD0PuihVNiE7TyAbQ5SWxDCB9mUYvOgroQOwYQQOKPJ8CIbE+1ETVlOoK1UC2nU3gYvg==",
      "engines": {
        "node": ">= 0.6"
      }
    },
    "node_modules/mime-types": {
      "version": "2.1.35",
      "resolved": "http://mirrors.cloud.tencent.com/npm/mime-types/-/mime-types-2.1.35.tgz",
      "integrity": "sha512-ZDY+bPm5zTTF+YpCrAU9nK0UgICYPT0QtT1NZWFv4s++TNkcgVaT0g6+4R2uI4MjQjzysHB1zxuWL50hzaeXiw==",
      "dependencies": {
        "mime-db": "1.52.0"
      },
      "engines": {
        "node": ">= 0.6"
      }
    },
    "node_modules/nanoid": {
      "version": "3.3.11",
      "resolved": "http://mirrors.cloud.tencent.com/npm/nanoid/-/nanoid-3.3.11.tgz",
      "integrity": "sha512-N8SpfPUnUp1bK+PMYW8qSWdl9U+wwNWI4QKxOYDy9JAro3WMX7p2OeVRF9v+347pnakNevPmiHhNmZ2HbFA76w==",
      "funding": [
        {
          "type": "github",
          "url": "https://github.com/sponsors/ai"
        }
      ],
      "peer": true,
      "bin": {
        "nanoid": "bin/nanoid.cjs"
      },
      "engines": {
        "node": "^10 || ^12 || ^13.7 || ^14 || >=15.0.1"
      }
    },
    "node_modules/normalize-wheel-es": {
      "version": "1.2.0",
      "resolved": "http://mirrors.cloud.tencent.com/npm/normalize-wheel-es/-/normalize-wheel-es-1.2.0.tgz",
      "integrity": "sha512-Wj7+EJQ8mSuXr2iWfnujrimU35R2W4FAErEyTmJoJ7ucwTn2hOUSsRehMb5RSYkxXGTM7Y9QpvPmp++w5ftoJw=="
    },
    "node_modules/picocolors": {
      "version": "1.1.1",
      "resolved": "http://mirrors.cloud.tencent.com/npm/picocolors/-/picocolors-1.1.1.tgz",
      "integrity": "sha512-xceH2snhtb5M9liqDsmEw56le376mTZkEX/jEb/RxNFyegNul7eNslCXP9FDj/Lcu0X8KEyMceP2ntpaHrDEVA==",
      "peer": true
    },
    "node_modules/postcss": {
      "version": "8.5.3",
      "resolved": "http://mirrors.cloud.tencent.com/npm/postcss/-/postcss-8.5.3.tgz",
      "integrity": "sha512-dle9A3yYxlBSrt8Fu+IpjGT8SY8hN0mlaA6GY8t0P5PjIOZemULz/E2Bnm/2dcUOena75OTNkHI76uZBNUUq3A==",
      "funding": [
        {
          "type": "opencollective",
          "url": "https://opencollective.com/postcss/"
        },
        {
          "type": "tidelift",
          "url": "https://tidelift.com/funding/github/npm/postcss"
        },
        {
          "type": "github",
          "url": "https://github.com/sponsors/ai"
        }
      ],
      "peer": true,
      "dependencies": {
        "nanoid": "^3.3.8",
        "picocolors": "^1.1.1",
        "source-map-js": "^1.2.1"
      },
      "engines": {
        "node": "^10 || ^12 || >=14"
      }
    },
    "node_modules/proxy-from-env": {
      "version": "1.1.0",
      "resolved": "http://mirrors.cloud.tencent.com/npm/proxy-from-env/-/proxy-from-env-1.1.0.tgz",
      "integrity": "sha512-D+zkORCbA9f1tdWRK0RaCR3GPv50cMxcrz4X8k5LTSUD1Dkw47mKJEZQNunItRTkWwgtaUSo1RVFRIG9ZXiFYg=="
    },
    "node_modules/source-map-js": {
      "version": "1.2.1",
      "resolved": "http://mirrors.cloud.tencent.com/npm/source-map-js/-/source-map-js-1.2.1.tgz",
      "integrity": "sha512-UXWMKhLOwVKb728IUtQPXxfYU+usdybtUrK/8uGE8CQMvrhOpwvzDBwj0QhSL7MQc7vIsISBG8VQ8+IDQxpfQA==",
      "peer": true,
      "engines": {
        "node": ">=0.10.0"
      }
    },
    "node_modules/tslib": {
      "version": "2.3.0",
      "resolved": "http://mirrors.cloud.tencent.com/npm/tslib/-/tslib-2.3.0.tgz",
      "integrity": "sha512-N82ooyxVNm6h1riLCoyS9e3fuJ3AMG2zIZs2Gd1ATcSFjSA23Q0fzjjZeh0jbJvWVDZ0cJT8yaNNaaXHzueNjg=="
    },
    "node_modules/vue": {
      "version": "3.5.13",
      "resolved": "http://mirrors.cloud.tencent.com/npm/vue/-/vue-3.5.13.tgz",
      "integrity": "sha512-wmeiSMxkZCSc+PM2w2VRsOYAZC8GdipNFRTsLSfodVqI9mbejKeXEGr8SckuLnrQPGe3oJN5c3K0vpoU9q/wCQ==",
      "peer": true,
      "dependencies": {
        "@vue/compiler-dom": "3.5.13",
        "@vue/compiler-sfc": "3.5.13",
        "@vue/runtime-dom": "3.5.13",
        "@vue/server-renderer": "3.5.13",
        "@vue/shared": "3.5.13"
      },
      "peerDependencies": {
        "typescript": "*"
      },
      "peerDependenciesMeta": {
        "typescript": {
          "optional": true
        }
      }
    },
    "node_modules/zrender": {
      "version": "5.6.1",
      "resolved": "http://mirrors.cloud.tencent.com/npm/zrender/-/zrender-5.6.1.tgz",
      "integrity": "sha512-OFXkDJKcrlx5su2XbzJvj/34Q3m6PvyCZkVPHGYpcCJ52ek4U/ymZyfuV1nKE23AyBJ51E/6Yr0mhZ7xGTO4ag==",
      "dependencies": {
        "tslib": "2.3.0"
      }
    }
  }
}
